
Microsoft Visual Studio Solution File, Format Version 12.00
# Visual Studio Version 17
VisualStudioVersion = 17.7.34221.43
MinimumVisualStudioVersion = 10.0.40219.1
Project("{FAE04EC0-301F-11D3-BF4B-00C04F79EFBC}") = "Lab4_3", "Lab4_3\Lab4_3.csproj", "{86CCF627-C080-4D70-BA64-E5A1B81934CE}"
EndProject
Global
	GlobalSection(SolutionConfigurationPlatforms) = preSolution
		Debug|Any CPU = Debug|Any CPU
		Release|Any CPU = Release|Any CPU
	EndGlobalSection
	GlobalSection(ProjectConfigurationPlatforms) = postSolution
		{86CCF627-C080-4D70-BA64-E5A1B81934CE}.Debug|Any CPU.ActiveCfg = Debug|Any CPU
		{86CCF627-C080-4D70-BA64-E5A1B81934CE}.Debug|Any CPU.Build.0 = Debug|Any CPU
		{86CCF627-C080-4D70-BA64-E5A1B81934CE}.Release|Any CPU.ActiveCfg = Release|Any CPU
		{86CCF627-C080-4D70-BA64-E5A1B81934CE}.Release|Any CPU.Build.0 = Release|Any CPU
	EndGlobalSection
	GlobalSection(SolutionProperties) = preSolution
		HideSolutionNode = FALSE
	EndGlobalSection
	GlobalSection(ExtensibilityGlobals) = postSolution
		SolutionGuid = {C8EC76F5-2B2B-4CA6-A8DB-9A15C756B430}
	EndGlobalSection
EndGlobal
